
Microsoft Visual Studio Solution File, Format Version 11.00
# Visual Studio 2010
Project("{8BC9CEB8-8B4A-11D0-8D11-00A0C91BC942}") = "UtilSetup", "UtilSetup\UtilSetup.vcxproj", "{DF42A277-2071-4D8A-BF67-DC2A75BBC8CF}"
EndProject
Global
	GlobalSection(SolutionConfigurationPlatforms) = preSolution
		Debug|Win32 = Debug|Win32
		Release|Win32 = Release|Win32
	EndGlobalSection
	GlobalSection(ProjectConfigurationPlatforms) = postSolution
		{DF42A277-2071-4D8A-BF67-DC2A75BBC8CF}.Debug|Win32.ActiveCfg = Debug|Win32
		{DF42A277-2071-4D8A-BF67-DC2A75BBC8CF}.Debug|Win32.Build.0 = Debug|Win32
		{DF42A277-2071-4D8A-BF67-DC2A75BBC8CF}.Release|Win32.ActiveCfg = Release|Win32
		{DF42A277-2071-4D8A-BF67-DC2A75BBC8CF}.Release|Win32.Build.0 = Release|Win32
	EndGlobalSection
	GlobalSection(SolutionProperties) = preSolution
		HideSolutionNode = FALSE
	EndGlobalSection
EndGlobal
